{
  "name": "pixel-pals-checks",
  "lockfileVersion": 3,
  "requires": true,
  "packages": {
    "": {
      "name": "pixel-pals-checks",
      "devDependencies": {
        "@markw65/prettier-plugin-monkeyc": "1.0.69",
        "prettier": "^3.8.0"
      }
    },
    "node_modules/@markw65/prettier-plugin-monkeyc": {
      "version": "1.0.69",
      "resolved": "https://registry.npmjs.org/@markw65/prettier-plugin-monkeyc/-/prettier-plugin-monkeyc-1.0.69.tgz",
      "integrity": "sha512-9qTizgZyTFLAz97OJYC+DHXqDDCJG3JRjV1MQIFPwEIPhtQz4saz/ij9udeFrNkVuegA0JhUgBqiy3BGsfiQDA==",
      "dev": true,
      "license": "MIT",
      "peerDependencies": {
        "prettier": ">2.8.0"
      }
    },
    "node_modules/prettier": {
      "version": "3.9.9",
      "resolved": "https://registry.npmjs.org/prettier/-/prettier-3.9.9.tgz",
      "integrity": "sha512-Z/CJHIkdujO/OtN7nXUii0Rf3VT5SRuhjBA82Xvu2XhBUgX3nhP67T0LHceBdQLex7OOFGTox+Q5Yg8Jk2Qivg==",
      "dev": true,
      "license": "MIT",
      "bin": {
        "prettier": "bin/prettier.cjs"
      },
      "engines": {
        "node": ">=14"
      },
      "funding": {
        "url": "https://github.com/prettier/prettier?sponsor=1"
      }
    }
  }
}
